<?xml version="1.0" encoding="utf-8"?>
<Project ToolsVersion="4.0" xmlns="http://schemas.microsoft.com/developer/msbuild/2003">
  <ItemGroup>
    <Filter Include="Fichiers sources">
      <UniqueIdentifier>{4FC737F1-C7A5-4376-A066-2A32D752A2FF}</UniqueIdentifier>
      <Extensions>cpp;c;cc;cxx;def;odl;idl;hpj;bat;asm;asmx</Extensions>
    </Filter>
    <Filter Include="Fichiers d%27en-tête">
      <UniqueIdentifier>{93995380-89BD-4b04-88EB-625FBE52EBFB}</UniqueIdentifier>
      <Extensions>h;hh;hpp;hxx;hm;inl;inc;ipp;xsd</Extensions>
    </Filter>
    <Filter Include="Fichiers de ressources">
      <UniqueIdentifier>{67DA6AB6-F800-4c08-8B7A-83BB121AAD01}</UniqueIdentifier>
      <Extensions>rc;ico;cur;bmp;dlg;rc2;rct;bin;rgs;gif;jpg;jpeg;jpe;resx;tiff;tif;png;wav;mfcribbon-ms</Extensions>
    </Filter>
    <Filter Include="Fichiers d%27en-tête\Classes">
      <UniqueIdentifier>{152d0f3e-4e56-4e5d-b4f9-a597e18ec0fe}</UniqueIdentifier>
    </Filter>
    <Filter Include="Fichiers sources\Classes">
      <UniqueIdentifier>{56a41068-1821-42a6-920e-0b71cdd60752}</UniqueIdentifier>
    </Filter>
    <Filter Include="Fichiers sources\Classes\Misc">
      <UniqueIdentifier>{b649157e-512c-43c5-a9a5-50a1ee36e65a}</UniqueIdentifier>
    </Filter>
    <Filter Include="Fichiers d%27en-tête\Classes\Misc">
      <UniqueIdentifier>{3eef87d9-77e3-420f-b5cb-a28e9f3c748f}</UniqueIdentifier>
    </Filter>
  </ItemGroup>
  <ItemGroup>
    <ClInclude Include="src\Civ_rob_2.0\City.h">
      <Filter>Fichiers d%27en-tête\Classes</Filter>
    </ClInclude>
    <ClInclude Include="src\Civ_rob_2.0\GamePlay.h">
      <Filter>Fichiers d%27en-tête\Classes</Filter>
    </ClInclude>
    <ClInclude Include="src\Civ_rob_2.0\IHM.h">
      <Filter>Fichiers d%27en-tête\Classes</Filter>
    </ClInclude>
    <ClInclude Include="src\Civ_rob_2.0\KeyboardMouse.h">
      <Filter>Fichiers d%27en-tête\Classes</Filter>
    </ClInclude>
    <ClInclude Include="src\Civ_rob_2.0\LoadConfig.h">
      <Filter>Fichiers d%27en-tête\Classes</Filter>
    </ClInclude>
    <ClInclude Include="src\Civ_rob_2.0\Player.h">
      <Filter>Fichiers d%27en-tête\Classes</Filter>
    </ClInclude>
    <ClInclude Include="src\Civ_rob_2.0\SaveReload.h">
      <Filter>Fichiers d%27en-tête\Classes</Filter>
    </ClInclude>
    <ClInclude Include="src\Civ_rob_2.0\Texture.h">
      <Filter>Fichiers d%27en-tête\Classes</Filter>
    </ClInclude>
    <ClInclude Include="src\Civ_rob_2.0\Unit.h">
      <Filter>Fichiers d%27en-tête\Classes</Filter>
    </ClInclude>
    <ClInclude Include="src\Civ_rob_2.0\civ_lib.h">
      <Filter>Fichiers d%27en-tête</Filter>
    </ClInclude>
    <ClInclude Include="src\Civ_rob_2.0\LIB.h">
      <Filter>Fichiers d%27en-tête</Filter>
    </ClInclude>
    <ClInclude Include="src\Civ_rob_2.0\LTimer.h">
      <Filter>Fichiers d%27en-tête\Classes\Misc</Filter>
    </ClInclude>
    <ClInclude Include="src\tinyxml2\tinyxml2.h">
      <Filter>Fichiers d%27en-tête\Classes\Misc</Filter>
    </ClInclude>
    <ClInclude Include="src\Civ_rob_2.0\End.h">
      <Filter>Fichiers d%27en-tête\Classes</Filter>
    </ClInclude>
    <ClInclude Include="src\Civ_rob_2.0\Citizen.h">
      <Filter>Fichiers d%27en-tête\Classes</Filter>
    </ClInclude>
    <ClInclude Include="src\Civ_rob_2.0\Utility.h">
      <Filter>Fichiers d%27en-tête\Classes</Filter>
    </ClInclude>
    <ClInclude Include="src\Civ_rob_2.0\ConstCityIHM.h">
      <Filter>Fichiers d%27en-tête</Filter>
    </ClInclude>
  </ItemGroup>
  <ItemGroup>
    <ClCompile Include="src\tinyxml2\tinyxml2.cpp">
      <Filter>Fichiers sources\Classes\Misc</Filter>
    </ClCompile>
    <ClCompile Include="src\Civ_rob_2.0\main.cpp">
      <Filter>Fichiers sources</Filter>
    </ClCompile>
    <ClCompile Include="src\Civ_rob_2.0\City.cpp">
      <Filter>Fichiers sources\Classes</Filter>
    </ClCompile>
    <ClCompile Include="src\Civ_rob_2.0\GamePlay.cpp">
      <Filter>Fichiers sources\Classes</Filter>
    </ClCompile>
    <ClCompile Include="src\Civ_rob_2.0\IHM.cpp">
      <Filter>Fichiers sources\Classes</Filter>
    </ClCompile>
    <ClCompile Include="src\Civ_rob_2.0\KeyboardMouse.cpp">
      <Filter>Fichiers sources\Classes</Filter>
    </ClCompile>
    <ClCompile Include="src\Civ_rob_2.0\LoadConfig.cpp">
      <Filter>Fichiers sources\Classes</Filter>
    </ClCompile>
    <ClCompile Include="src\Civ_rob_2.0\Player.cpp">
      <Filter>Fichiers sources\Classes</Filter>
    </ClCompile>
    <ClCompile Include="src\Civ_rob_2.0\SaveReload.cpp">
      <Filter>Fichiers sources\Classes</Filter>
    </ClCompile>
    <ClCompile Include="src\Civ_rob_2.0\Texture.cpp">
      <Filter>Fichiers sources\Classes</Filter>
    </ClCompile>
    <ClCompile Include="src\Civ_rob_2.0\Unit.cpp">
      <Filter>Fichiers sources\Classes</Filter>
    </ClCompile>
    <ClCompile Include="src\Civ_rob_2.0\LTimer.cpp">
      <Filter>Fichiers sources\Classes\Misc</Filter>
    </ClCompile>
    <ClCompile Include="src\Civ_rob_2.0\End.cpp">
      <Filter>Fichiers sources\Classes</Filter>
    </ClCompile>
    <ClCompile Include="src\Civ_rob_2.0\Citizen.cpp">
      <Filter>Fichiers sources\Classes</Filter>
    </ClCompile>
    <ClCompile Include="src\Civ_rob_2.0\Utility.cpp">
      <Filter>Fichiers sources\Classes</Filter>
    </ClCompile>
  </ItemGroup>
</Project>