
Microsoft Visual Studio Solution File, Format Version 12.00
# Visual Studio Version 16
VisualStudioVersion = 16.0.28803.156
MinimumVisualStudioVersion = 10.0.40219.1
Project("{8BC9CEB8-8B4A-11D0-8D11-00A0C91BC942}") = "civ_rob_2", "civ_rob_2.vcxproj", "{FAB3E946-350D-41EF-B556-1E99143787CF}"
EndProject
Global
	GlobalSection(SolutionConfigurationPlatforms) = preSolution
		Debug|x64 = Debug|x64
		Debug|x86 = Debug|x86
		Release|x64 = Release|x64
		Release|x86 = Release|x86
	EndGlobalSection
	GlobalSection(ProjectConfigurationPlatforms) = postSolution
		{FAB3E946-350D-41EF-B556-1E99143787CF}.Debug|x64.ActiveCfg = Debug|x64
		{FAB3E946-350D-41EF-B556-1E99143787CF}.Debug|x64.Build.0 = Debug|x64
		{FAB3E946-350D-41EF-B556-1E99143787CF}.Debug|x86.ActiveCfg = Debug|Win32
		{FAB3E946-350D-41EF-B556-1E99143787CF}.Debug|x86.Build.0 = Debug|Win32
		{FAB3E946-350D-41EF-B556-1E99143787CF}.Release|x64.ActiveCfg = Release|x64
		{FAB3E946-350D-41EF-B556-1E99143787CF}.Release|x64.Build.0 = Release|x64
		{FAB3E946-350D-41EF-B556-1E99143787CF}.Release|x86.ActiveCfg = Release|Win32
		{FAB3E946-350D-41EF-B556-1E99143787CF}.Release|x86.Build.0 = Release|Win32
	EndGlobalSection
	GlobalSection(SolutionProperties) = preSolution
		HideSolutionNode = FALSE
	EndGlobalSection
	GlobalSection(ExtensibilityGlobals) = postSolution
		SolutionGuid = {0B4A195D-2774-42AC-83BB-A8F91588539D}
	EndGlobalSection
EndGlobal
