<?xml version="1.0" encoding="utf-8"?>
<Project ToolsVersion="4.0" xmlns="http://schemas.microsoft.com/developer/msbuild/2003">
  <ItemGroup>
    <Filter Include="Fichiers sources">
      <UniqueIdentifier>{4FC737F1-C7A5-4376-A066-2A32D752A2FF}</UniqueIdentifier>
      <Extensions>cpp;c;cc;cxx;def;odl;idl;hpj;bat;asm;asmx</Extensions>
    </Filter>
    <Filter Include="Fichiers d%27en-tête">
      <UniqueIdentifier>{93995380-89BD-4b04-88EB-625FBE52EBFB}</UniqueIdentifier>
      <Extensions>h;hh;hpp;hxx;hm;inl;inc;xsd</Extensions>
    </Filter>
    <Filter Include="Fichiers de ressources">
      <UniqueIdentifier>{67DA6AB6-F800-4c08-8B7A-83BB121AAD01}</UniqueIdentifier>
      <Extensions>rc;ico;cur;bmp;dlg;rc2;rct;bin;rgs;gif;jpg;jpeg;jpe;resx;tiff;tif;png;wav;mfcribbon-ms</Extensions>
    </Filter>
    <Filter Include="Fichiers d%27en-tête\Class">
      <UniqueIdentifier>{1af0ea39-496c-4c43-abc1-46fd47942a53}</UniqueIdentifier>
    </Filter>
    <Filter Include="Fichiers sources\Class">
      <UniqueIdentifier>{74c143cd-8ddb-4ca1-a852-6c225201ecd6}</UniqueIdentifier>
    </Filter>
  </ItemGroup>
  <ItemGroup>
    <ClCompile Include="main.cpp">
      <Filter>Fichiers sources</Filter>
    </ClCompile>
    <ClCompile Include="renduecran.cpp">
      <Filter>Fichiers sources</Filter>
    </ClCompile>
    <ClCompile Include="unit.cpp">
      <Filter>Fichiers sources</Filter>
    </ClCompile>
    <ClCompile Include="newgame.cpp">
      <Filter>Fichiers sources</Filter>
    </ClCompile>
    <ClCompile Include="Player.cpp">
      <Filter>Fichiers sources\Class</Filter>
    </ClCompile>
    <ClCompile Include="Units.cpp">
      <Filter>Fichiers sources\Class</Filter>
    </ClCompile>
    <ClCompile Include="Cities.cpp">
      <Filter>Fichiers sources\Class</Filter>
    </ClCompile>
    <ClCompile Include="initAndError.cpp">
      <Filter>Fichiers sources</Filter>
    </ClCompile>
    <ClCompile Include="Texture.cpp">
      <Filter>Fichiers sources\Class</Filter>
    </ClCompile>
    <ClCompile Include="deleteAll.cpp">
      <Filter>Fichiers sources</Filter>
    </ClCompile>
    <ClCompile Include="Buttons.cpp">
      <Filter>Fichiers sources\Class</Filter>
    </ClCompile>
    <ClCompile Include="LTimer.cpp">
      <Filter>Fichiers sources\Class</Filter>
    </ClCompile>
    <ClCompile Include="nextTurn.cpp">
      <Filter>Fichiers sources</Filter>
    </ClCompile>
    <ClCompile Include="citie.cpp">
      <Filter>Fichiers sources</Filter>
    </ClCompile>
    <ClCompile Include="Citizen.cpp">
      <Filter>Fichiers sources\Class</Filter>
    </ClCompile>
    <ClCompile Include="mainLoop.cpp">
      <Filter>Fichiers sources</Filter>
    </ClCompile>
    <ClCompile Include="saveAndReload.cpp">
      <Filter>Fichiers sources</Filter>
    </ClCompile>
    <ClCompile Include="keyboardAndMouse.cpp">
      <Filter>Fichiers sources</Filter>
    </ClCompile>
  </ItemGroup>
  <ItemGroup>
    <ClInclude Include="civ_lib.h">
      <Filter>Fichiers d%27en-tête</Filter>
    </ClInclude>
    <ClInclude Include="renduecran.h">
      <Filter>Fichiers d%27en-tête</Filter>
    </ClInclude>
    <ClInclude Include="unit.h">
      <Filter>Fichiers d%27en-tête</Filter>
    </ClInclude>
    <ClInclude Include="newgame.h">
      <Filter>Fichiers d%27en-tête</Filter>
    </ClInclude>
    <ClInclude Include="Cities.h">
      <Filter>Fichiers d%27en-tête\Class</Filter>
    </ClInclude>
    <ClInclude Include="Units.h">
      <Filter>Fichiers d%27en-tête\Class</Filter>
    </ClInclude>
    <ClInclude Include="Player.h">
      <Filter>Fichiers d%27en-tête\Class</Filter>
    </ClInclude>
    <ClInclude Include="initAndError.h">
      <Filter>Fichiers d%27en-tête</Filter>
    </ClInclude>
    <ClInclude Include="Texture.h">
      <Filter>Fichiers d%27en-tête\Class</Filter>
    </ClInclude>
    <ClInclude Include="deleteAll.h">
      <Filter>Fichiers d%27en-tête</Filter>
    </ClInclude>
    <ClInclude Include="Buttons.h">
      <Filter>Fichiers d%27en-tête\Class</Filter>
    </ClInclude>
    <ClInclude Include="LTimer.h">
      <Filter>Fichiers d%27en-tête\Class</Filter>
    </ClInclude>
    <ClInclude Include="nextTurn.h">
      <Filter>Fichiers d%27en-tête</Filter>
    </ClInclude>
    <ClInclude Include="citie.h">
      <Filter>Fichiers d%27en-tête</Filter>
    </ClInclude>
    <ClInclude Include="Citizen.h">
      <Filter>Fichiers d%27en-tête\Class</Filter>
    </ClInclude>
    <ClInclude Include="LIB.h">
      <Filter>Fichiers d%27en-tête</Filter>
    </ClInclude>
    <ClInclude Include="mainLoop.h">
      <Filter>Fichiers d%27en-tête</Filter>
    </ClInclude>
    <ClInclude Include="saveAndReload.h">
      <Filter>Fichiers d%27en-tête</Filter>
    </ClInclude>
    <ClInclude Include="keyboardAndMouse.h">
      <Filter>Fichiers d%27en-tête</Filter>
    </ClInclude>
  </ItemGroup>
</Project>