<?xml version="1.0" encoding="utf-8"?>
<Project ToolsVersion="4.0" xmlns="http://schemas.microsoft.com/developer/msbuild/2003">
  <ItemGroup>
    <ClInclude Include="src\API_fwd.h" />
    <ClInclude Include="src\AudioEngine.h" />
    <ClInclude Include="src\Camera2D.h" />
    <ClInclude Include="src\GameEngine.h" />
    <ClInclude Include="src\GLSLProgram.h" />
    <ClInclude Include="src\GLTexture.h" />
    <ClInclude Include="src\IGameScreen.h" />
    <ClInclude Include="src\IMainGame.h" />
    <ClInclude Include="src\InputManager.h" />
    <ClInclude Include="src\RealEngineError.h" />
    <ClInclude Include="src\ResourceManager.h" />
    <ClInclude Include="src\ScreenList.h" />
    <ClInclude Include="src\SpriteBatch.h" />
    <ClInclude Include="src\SpriteFont.h" />
    <ClInclude Include="src\TextureCache.h" />
    <ClInclude Include="src\Timing.h" />
    <ClInclude Include="src\Window.h" />
    <ClInclude Include="src\GUI.h" />
    <ClInclude Include="src\ColorRGBA8.h" />
    <ClInclude Include="src\UV.h" />
    <ClInclude Include="src\Vertex.h" />
    <ClInclude Include="src\WidgetLabel.h" />
    <ClInclude Include="src\Files.h" />
    <ClInclude Include="src\ErrorLog.h" />
    <ClInclude Include="src\ExitFromError.h" />
    <ClInclude Include="src\ValueToScale.h" />
    <ClInclude Include="src\CardinalDirection.h" />
    <ClInclude Include="src\API_fwd.h" />
    <ClInclude Include="src\Screen.h" />
    <ClInclude Include="src\LogLevel.h" />
    <ClInclude Include="src\Log.h" />
    <ClInclude Include="src\LogSentences.h" />
    <ClInclude Include="src\LoadingFileToString.h" />
    <ClInclude Include="src\Text.h" />
  </ItemGroup>
  <ItemGroup>
    <ClCompile Include="src\AudioEngine.cpp" />
    <ClCompile Include="src\Camera2D.cpp" />
    <ClCompile Include="src\GameEngine.cpp" />
    <ClCompile Include="src\GLSLProgram.cpp" />
    <ClCompile Include="src\GLTexture.cpp" />
    <ClCompile Include="src\IMainGame.cpp" />
    <ClCompile Include="src\InputManager.cpp" />
    <ClCompile Include="src\RealEngineError.cpp" />
    <ClCompile Include="src\ResourceManager.cpp" />
    <ClCompile Include="src\ScreenList.cpp" />
    <ClCompile Include="src\SpriteBatch.cpp" />
    <ClCompile Include="src\SpriteFont.cpp" />
    <ClCompile Include="src\TextureCache.cpp" />
    <ClCompile Include="src\Timing.cpp" />
    <ClCompile Include="src\Window.cpp" />
    <ClCompile Include="src\GUI.cpp" />
    <ClCompile Include="src\WidgetLabel.cpp" />
    <ClCompile Include="src\Files.cpp" />
    <ClCompile Include="src\ColorRGBA8.cpp" />
    <ClCompile Include="src\ErrorLog.cpp" />
    <ClCompile Include="src\ExitFromError.cpp" />
    <ClCompile Include="src\ValueToScale.cpp" />
    <ClCompile Include="src\Screen.cpp" />
    <ClCompile Include="src\Log.cpp" />
    <ClCompile Include="src\LoadingFileToString.cpp" />
    <ClCompile Include="src\Text.cpp" />
  </ItemGroup>
</Project>