<?xml version="1.0" encoding="utf-8"?>
<Project ToolsVersion="4.0" xmlns="http://schemas.microsoft.com/developer/msbuild/2003">
  <ItemGroup>
    <ClCompile Include="src\Civ_Rob_2.0.cpp" />
    <ClCompile Include="src\SaveReload.cpp" />
    <ClCompile Include="src\App.cpp">
      <Filter>Screen</Filter>
    </ClCompile>
    <ClCompile Include="src\Screens\GamePlayScreen.cpp">
      <Filter>Screen</Filter>
    </ClCompile>
    <ClCompile Include="src\Screens\MainMenuScreen.cpp">
      <Filter>Screen</Filter>
    </ClCompile>
    <ClCompile Include="src\Screens\NewGameScreen.cpp">
      <Filter>Screen</Filter>
    </ClCompile>
    <ClCompile Include="src\Screens\ReloadMenuScreen.cpp">
      <Filter>Screen</Filter>
    </ClCompile>
    <ClCompile Include="src\NewGame.cpp">
      <Filter>Class GamePlayScreen</Filter>
    </ClCompile>
    <ClCompile Include="src\MainMap.cpp">
      <Filter>Class GamePlayScreen</Filter>
    </ClCompile>
    <ClCompile Include="src\NextTurn.cpp">
      <Filter>Class GamePlayScreen</Filter>
    </ClCompile>
    <ClCompile Include="src\Player.cpp">
      <Filter>Class GamePlayScreen</Filter>
    </ClCompile>
    <ClCompile Include="src\GameInput.cpp">
      <Filter>Class GamePlayScreen</Filter>
    </ClCompile>
    <ClCompile Include="src\City\City.cpp">
      <Filter>Class GamePlayScreen</Filter>
    </ClCompile>
    <ClCompile Include="src\City\Citizen.cpp">
      <Filter>Class GamePlayScreen</Filter>
    </ClCompile>
    <ClCompile Include="src\Unit\Unit.cpp">
      <Filter>Class GamePlayScreen</Filter>
    </ClCompile>
    <ClCompile Include="src\Utility.cpp" />
    <ClCompile Include="src\Screens\CityScreen.cpp">
      <Filter>Screen</Filter>
    </ClCompile>
    <ClCompile Include="src\MainMapGen.cpp">
      <Filter>Class GamePlayScreen</Filter>
    </ClCompile>
    <ClCompile Include="src\City\FoodManager.cpp">
      <Filter>Class GamePlayScreen</Filter>
    </ClCompile>
    <ClCompile Include="src\City\CitizenManager.cpp">
      <Filter>Class GamePlayScreen</Filter>
    </ClCompile>
    <ClCompile Include="src\City\BuildManager.cpp">
      <Filter>Class GamePlayScreen</Filter>
    </ClCompile>
    <ClCompile Include="src\Players.cpp">
      <Filter>Class GamePlayScreen</Filter>
    </ClCompile>
    <ClCompile Include="src\MainMapConfig.cpp" />
    <ClCompile Include="src\Unit\UnitTemplate.cpp" />
    <ClCompile Include="src\City\CityNameTemplate.cpp" />
    <ClCompile Include="src\Unit\UnitStats.cpp" />
    <ClCompile Include="src\Unit\UnitFactory.cpp" />
    <ClCompile Include="src\City\CityFactory.cpp" />
    <ClCompile Include="src\City\CityManager.cpp" />
    <ClCompile Include="src\Unit\UnitManager.cpp" />
    <ClCompile Include="src\Unit\UnitService.cpp" />
    <ClCompile Include="src\City\Build.cpp" />
    <ClCompile Include="src\City\BuildUnit.cpp" />
    <ClCompile Include="src\City\BuildFactory.cpp" />
    <ClCompile Include="src\City\UnitBuildStrategy.cpp" />
    <ClCompile Include="src\City\JsonBuildSerializerVisitor.cpp" />
    <ClCompile Include="src\City\JsonBuildManagerSerializerVisitor.cpp" />
    <ClCompile Include="src\City\JsonCitizenManagerSerializerVisitor.cpp" />
    <ClCompile Include="src\City\JsonCitizenSerializerVisitor.cpp" />
    <ClCompile Include="src\City\JsonFoodManagerSerializerVisitor.cpp" />
    <ClCompile Include="src\City\JsonCitySerializerVisitor.cpp" />
    <ClCompile Include="src\City\JsonCitizenDeserializer.cpp" />
    <ClCompile Include="src\City\JsonCitizenManagerDeserializer.cpp" />
    <ClCompile Include="src\City\JsonFoodManagerDeserializer.cpp" />
    <ClCompile Include="src\City\JsonBuildManagerDeserializer.cpp" />
    <ClCompile Include="src\City\JsonCityDeserializer.cpp" />
    <ClCompile Include="src\City\CityService.cpp" />
  </ItemGroup>
  <ItemGroup>
    <ClInclude Include="src\LIB.h" />
    <ClInclude Include="src\SaveReload.h" />
    <ClInclude Include="src\App.h">
      <Filter>Screen</Filter>
    </ClInclude>
    <ClInclude Include="src\Screens\GamePlayScreen.h">
      <Filter>Screen</Filter>
    </ClInclude>
    <ClInclude Include="src\Screens\MainMenuScreen.h">
      <Filter>Screen</Filter>
    </ClInclude>
    <ClInclude Include="src\ScreenIndices.h">
      <Filter>Screen</Filter>
    </ClInclude>
    <ClInclude Include="src\Screens\ReloadMenuScreen.h">
      <Filter>Screen</Filter>
    </ClInclude>
    <ClInclude Include="src\Screens\NewGameScreen.h">
      <Filter>Screen</Filter>
    </ClInclude>
    <ClInclude Include="resource.h">
      <Filter>icon</Filter>
    </ClInclude>
    <ClInclude Include="src\NewGame.h">
      <Filter>Class GamePlayScreen</Filter>
    </ClInclude>
    <ClInclude Include="src\MainMap.h">
      <Filter>Class GamePlayScreen</Filter>
    </ClInclude>
    <ClInclude Include="src\NextTurn.h">
      <Filter>Class GamePlayScreen</Filter>
    </ClInclude>
    <ClInclude Include="src\Player.h">
      <Filter>Class GamePlayScreen</Filter>
    </ClInclude>
    <ClInclude Include="src\GameInput.h">
      <Filter>Class GamePlayScreen</Filter>
    </ClInclude>
    <ClInclude Include="src\City\City.h">
      <Filter>Class GamePlayScreen</Filter>
    </ClInclude>
    <ClInclude Include="src\City\Citizen.h">
      <Filter>Class GamePlayScreen</Filter>
    </ClInclude>
    <ClInclude Include="src\Unit\Unit.h">
      <Filter>Class GamePlayScreen</Filter>
    </ClInclude>
    <ClInclude Include="src\Utility.h" />
    <ClInclude Include="src\Screens\CityScreen.h">
      <Filter>Screen</Filter>
    </ClInclude>
    <ClInclude Include="src\City\T_City.h">
      <Filter>T_struct</Filter>
    </ClInclude>
    <ClInclude Include="src\T_GamePlayScreen.h">
      <Filter>T_struct</Filter>
    </ClInclude>
    <ClInclude Include="src\T_MainMap.h">
      <Filter>T_struct</Filter>
    </ClInclude>
    <ClInclude Include="src\MainMapGen.h">
      <Filter>Class GamePlayScreen</Filter>
    </ClInclude>
    <ClInclude Include="src\City\FoodManager.h">
      <Filter>Class GamePlayScreen</Filter>
    </ClInclude>
    <ClInclude Include="src\City\CitizenManager.h">
      <Filter>Class GamePlayScreen</Filter>
    </ClInclude>
    <ClInclude Include="src\City\BuildManager.h">
      <Filter>Class GamePlayScreen</Filter>
    </ClInclude>
    <ClInclude Include="src\Players.h">
      <Filter>Class GamePlayScreen</Filter>
    </ClInclude>
    <ClInclude Include="src\T_NewGameScreen.h">
      <Filter>T_struct</Filter>
    </ClInclude>
    <ClInclude Include="src\LogSentences.h" />
    <ClInclude Include="src\Screens\CityScreenEnumTexture.h">
      <Filter>Screen</Filter>
    </ClInclude>
    <ClInclude Include="src\Screens\GamePlayScreenEnumTexture.h">
      <Filter>Screen</Filter>
    </ClInclude>
    <ClInclude Include="src\TemplateEnumTexture.h">
      <Filter>template</Filter>
    </ClInclude>
    <ClInclude Include="src\jsonloader.h" />
    <ClInclude Include="src\T_Player.h" />
    <ClInclude Include="src\MainMapConfig.h" />
    <ClInclude Include="src\Unit\UnitTemplate.h" />
    <ClInclude Include="src\City\CityNameTemplate.h" />
    <ClInclude Include="src\Unit\UnitStats.h" />
    <ClInclude Include="src\Unit\UnitFactory.h" />
    <ClInclude Include="src\Unit\UnitManager.h" />
    <ClInclude Include="src\City\CityFactory.h" />
    <ClInclude Include="src\City\CityManager.h" />
    <ClInclude Include="src\Unit\UnitService.h" />
    <ClInclude Include="src\City\IBuild.h" />
    <ClInclude Include="src\City\Build.h" />
    <ClInclude Include="src\City\BuildUnit.h" />
    <ClInclude Include="src\City\BuildFactory.h" />
    <ClInclude Include="src\City\TBuild.h" />
    <ClInclude Include="src\City\BuildUnitCallbackStrategy.h" />
    <ClInclude Include="src\City\UnitBuildStrategy.h" />
    <ClInclude Include="src\City\IBuildVisitor.h" />
    <ClInclude Include="src\City\JsonBuildSerializerVisitor.h" />
    <ClInclude Include="src\City\IBuildManagerVisitor.h" />
    <ClInclude Include="src\City\JsonBuildManagerSerializerVisitor.h" />
    <ClInclude Include="src\City\ICitizenManagerVisitor.h" />
    <ClInclude Include="src\City\JsonCitizenManagerSerializerVisitor.h" />
    <ClInclude Include="src\City\ICitizenVisitor.h" />
    <ClInclude Include="src\City\JsonCitizenSerializerVisitor.h" />
    <ClInclude Include="src\City\IFoodManagerVisitor.h" />
    <ClInclude Include="src\City\JsonFoodManagerSerializerVisitor.h" />
    <ClInclude Include="src\City\ICityVisitor.h" />
    <ClInclude Include="src\City\JsonCitySerializerVisitor.h" />
    <ClInclude Include="src\City\JsonCitizenDeserializer.h" />
    <ClInclude Include="src\City\JsonCitizenManagerDeserializer.h" />
    <ClInclude Include="src\City\JsonFoodManagerDeserializer.h" />
    <ClInclude Include="src\City\JsonBuildManagerDeserializer.h" />
    <ClInclude Include="src\City\JsonCityDeserializer.h" />
    <ClInclude Include="src\City\CityService.h" />
  </ItemGroup>
  <ItemGroup>
    <Filter Include="Screen">
      <UniqueIdentifier>{7d987bf3-c227-427e-9368-d4a8953093c5}</UniqueIdentifier>
    </Filter>
    <Filter Include="icon">
      <UniqueIdentifier>{36faf521-77f7-45d9-846e-afd9a78219b9}</UniqueIdentifier>
    </Filter>
    <Filter Include="Class GamePlayScreen">
      <UniqueIdentifier>{7b07bf5d-6267-4613-b2d3-4f445eb7ecf7}</UniqueIdentifier>
    </Filter>
    <Filter Include="T_struct">
      <UniqueIdentifier>{5aad5700-2fee-471a-9d86-585b9b5aee0d}</UniqueIdentifier>
    </Filter>
    <Filter Include="template">
      <UniqueIdentifier>{a30df055-622d-45e2-a087-044dd752657c}</UniqueIdentifier>
    </Filter>
  </ItemGroup>
  <ItemGroup>
    <ResourceCompile Include="Civ_Rob_2.0.rc">
      <Filter>icon</Filter>
    </ResourceCompile>
  </ItemGroup>
</Project>