<?xml version="1.0" encoding="utf-8"?>
<Project ToolsVersion="4.0" xmlns="http://schemas.microsoft.com/developer/msbuild/2003">
  <ItemGroup>
    <ClCompile Include="src\Citizen.cpp" />
    <ClCompile Include="src\City.cpp" />
    <ClCompile Include="src\Civ_Rob_2.0.cpp" />
    <ClCompile Include="src\GameInput.cpp" />
    <ClCompile Include="src\MainGame.cpp" />
    <ClCompile Include="src\MainMap.cpp" />
    <ClCompile Include="src\NewGame.cpp" />
    <ClCompile Include="src\NextTurn.cpp" />
    <ClCompile Include="src\Player.cpp" />
    <ClCompile Include="src\SaveReload.cpp" />
    <ClCompile Include="..\Dependencies\tinyxml2\tinyxml2.cpp" />
    <ClCompile Include="src\Unit.cpp" />
    <ClCompile Include="src\Utility.cpp" />
    <ClCompile Include="src\XmlConvertValue.cpp" />
    <ClCompile Include="src\App.cpp">
      <Filter>Screen</Filter>
    </ClCompile>
    <ClCompile Include="src\GamePlayScreen.cpp">
      <Filter>Screen</Filter>
    </ClCompile>
  </ItemGroup>
  <ItemGroup>
    <ClInclude Include="src\Citizen.h" />
    <ClInclude Include="src\City.h" />
    <ClInclude Include="src\GameInput.h" />
    <ClInclude Include="src\LIB.h" />
    <ClInclude Include="src\MainGame.h" />
    <ClInclude Include="src\MainMap.h" />
    <ClInclude Include="src\NewGame.h" />
    <ClInclude Include="src\NextTurn.h" />
    <ClInclude Include="src\Player.h" />
    <ClInclude Include="src\SaveReload.h" />
    <ClInclude Include="..\Dependencies\tinyxml2\tinyxml2.h" />
    <ClInclude Include="src\Unit.h" />
    <ClInclude Include="src\Utility.h" />
    <ClInclude Include="src\XmlConvertValue.h" />
    <ClInclude Include="src\App.h">
      <Filter>Screen</Filter>
    </ClInclude>
    <ClInclude Include="src\GamePlaySrceen.h">
      <Filter>Screen</Filter>
    </ClInclude>
    <ClInclude Include="resource.h" />
  </ItemGroup>
  <ItemGroup>
    <Filter Include="Screen">
      <UniqueIdentifier>{7d987bf3-c227-427e-9368-d4a8953093c5}</UniqueIdentifier>
    </Filter>
    <Filter Include="icon">
      <UniqueIdentifier>{36faf521-77f7-45d9-846e-afd9a78219b9}</UniqueIdentifier>
    </Filter>
  </ItemGroup>
  <ItemGroup>
    <ResourceCompile Include="Civ_Rob_2.0.rc">
      <Filter>icon</Filter>
    </ResourceCompile>
  </ItemGroup>
</Project>